
Microsoft Visual Studio Solution File, Format Version 12.00
# Visual Studio 14
VisualStudioVersion = 14.0.25420.1
MinimumVisualStudioVersion = 10.0.40219.1
Project("{FAE04EC0-301F-11D3-BF4B-00C04F79EFBC}") = "SudokuSolver", "SudokuSolver\SudokuSolver.csproj", "{1A8CEE51-9476-4F72-B2FA-6A685243BD05}"
EndProject
Project("{FAE04EC0-301F-11D3-BF4B-00C04F79EFBC}") = "SudokuSolver.Test", "SudokuSolver.Test\SudokuSolver.Test.csproj", "{30500A4F-DF0A-4A2B-B7AC-97FE6FD6C22A}"
EndProject
Project("{FAE04EC0-301F-11D3-BF4B-00C04F79EFBC}") = "SudokuSolver.UI", "SudokuSolver.UI\SudokuSolver.UI.csproj", "{5EA62D88-B9CD-43AA-87BC-3435961714E0}"
EndProject
Global
	GlobalSection(SolutionConfigurationPlatforms) = preSolution
		Debug|Any CPU = Debug|Any CPU
		Release|Any CPU = Release|Any CPU
	EndGlobalSection
	GlobalSection(ProjectConfigurationPlatforms) = postSolution
		{1A8CEE51-9476-4F72-B2FA-6A685243BD05}.Debug|Any CPU.ActiveCfg = Debug|Any CPU
		{1A8CEE51-9476-4F72-B2FA-6A685243BD05}.Debug|Any CPU.Build.0 = Debug|Any CPU
		{1A8CEE51-9476-4F72-B2FA-6A685243BD05}.Release|Any CPU.ActiveCfg = Release|Any CPU
		{1A8CEE51-9476-4F72-B2FA-6A685243BD05}.Release|Any CPU.Build.0 = Release|Any CPU
		{30500A4F-DF0A-4A2B-B7AC-97FE6FD6C22A}.Debug|Any CPU.ActiveCfg = Debug|Any CPU
		{30500A4F-DF0A-4A2B-B7AC-97FE6FD6C22A}.Debug|Any CPU.Build.0 = Debug|Any CPU
		{30500A4F-DF0A-4A2B-B7AC-97FE6FD6C22A}.Release|Any CPU.ActiveCfg = Release|Any CPU
		{30500A4F-DF0A-4A2B-B7AC-97FE6FD6C22A}.Release|Any CPU.Build.0 = Release|Any CPU
		{5EA62D88-B9CD-43AA-87BC-3435961714E0}.Debug|Any CPU.ActiveCfg = Debug|Any CPU
		{5EA62D88-B9CD-43AA-87BC-3435961714E0}.Debug|Any CPU.Build.0 = Debug|Any CPU
		{5EA62D88-B9CD-43AA-87BC-3435961714E0}.Release|Any CPU.ActiveCfg = Release|Any CPU
		{5EA62D88-B9CD-43AA-87BC-3435961714E0}.Release|Any CPU.Build.0 = Release|Any CPU
	EndGlobalSection
	GlobalSection(SolutionProperties) = preSolution
		HideSolutionNode = FALSE
	EndGlobalSection
EndGlobal
